// !$*UTF8*$!
{
	archiveVersion = 1;
	classes = {
	};
	objectVersion = 50;
	objects = {

/* Begin PBXBuildFile section */
		F8213E7A22F434E400FCD30D /* AppDelegate.swift in Sources */ = {isa = PBXBuildFile; fileRef = F8213E7922F434E400FCD30D /* AppDelegate.swift */; };
		F8213E7C22F434E400FCD30D /* SceneDelegate.swift in Sources */ = {isa = PBXBuildFile; fileRef = F8213E7B22F434E400FCD30D /* SceneDelegate.swift */; };
		F8213E7E22F434E400FCD30D /* ContentView.swift in Sources */ = {isa = PBXBuildFile; fileRef = F8213E7D22F434E400FCD30D /* ContentView.swift */; };
		F8213E8022F434E500FCD30D /* Assets.xcassets in Resources */ = {isa = PBXBuildFile; fileRef = F8213E7F22F434E500FCD30D /* Assets.xcassets */; };
		F8213E8322F434E500FCD30D /* Preview Assets.xcassets in Resources */ = {isa = PBXBuildFile; fileRef = F8213E8222F434E500FCD30D /* Preview Assets.xcassets */; };
		F8213E8622F434E500FCD30D /* LaunchScreen.storyboard in Resources */ = {isa = PBXBuildFile; fileRef = F8213E8422F434E500FCD30D /* LaunchScreen.storyboard */; };
/* End PBXBuildFile section */

/* Begin PBXFileReference section */
		F8213E7622F434E400FCD30D /* opentok-swiftui-sample.app */ = {isa = PBXFileReference; explicitFileType = wrapper.application; includeInIndex = 0; path = "opentok-swiftui-sample.app"; sourceTree = BUILT_PRODUCTS_DIR; };
		F8213E7922F434E400FCD30D /* AppDelegate.swift */ = {isa = PBXFileReference; lastKnownFileType = sourcecode.swift; path = AppDelegate.swift; sourceTree = "<group>"; };
		F8213E7B22F434E400FCD30D /* SceneDelegate.swift */ = {isa = PBXFileReference; lastKnownFileType = sourcecode.swift; path = SceneDelegate.swift; sourceTree = "<group>"; };
		F8213E7D22F434E400FCD30D /* ContentView.swift */ = {isa = PBXFileReference; lastKnownFileType = sourcecode.swift; path = ContentView.swift; sourceTree = "<group>"; };
		F8213E7F22F434E500FCD30D /* Assets.xcassets */ = {isa = PBXFileReference; lastKnownFileType = folder.assetcatalog; path = Assets.xcassets; sourceTree = "<group>"; };
		F8213E8222F434E500FCD30D /* Preview Assets.xcassets */ = {isa = PBXFileReference; lastKnownFileType = folder.assetcatalog; path = "Preview Assets.xcassets"; sourceTree = "<group>"; };
		F8213E8522F434E500FCD30D /* Base */ = {isa = PBXFileReference; lastKnownFileType = file.storyboard; name = Base; path = Base.lproj/LaunchScreen.storyboard; sourceTree = "<group>"; };
		F8213E8722F434E500FCD30D /* Info.plist */ = {isa = PBXFileReference; lastKnownFileType = text.plist.xml; path = Info.plist; sourceTree = "<group>"; };
/* End PBXFileReference section */

/* Begin PBXFrameworksBuildPhase section */
		F8213E7322F434E400FCD30D /* Frameworks */ = {
			isa = PBXFrameworksBuildPhase;
			buildActionMask = 2147483647;
			files = (
			);
			runOnlyForDeploymentPostprocessing = 0;
		};
/* End PBXFrameworksBuildPhase section */

/* Begin PBXGroup section */
		D9E622BED974870D3940E9C6 /* Pods */ = {
			isa = PBXGroup;
			children = (
			);
			path = Pods;
			sourceTree = "<group>";
		};
		F8213E6D22F434E400FCD30D = {
			isa = PBXGroup;
			children = (
				F8213E7822F434E400FCD30D /* opentok-swiftui-sample */,
				F8213E7722F434E400FCD30D /* Products */,
				D9E622BED974870D3940E9C6 /* Pods */,
			);
			sourceTree = "<group>";
		};
		F8213E7722F434E400FCD30D /* Products */ = {
			isa = PBXGroup;
			children = (
				F8213E7622F434E400FCD30D /* opentok-swiftui-sample.app */,
			);
			name = Products;
			sourceTree = "<group>";
		};
		F8213E7822F434E400FCD30D /* opentok-swiftui-sample */ = {
			isa = PBXGroup;
			children = (
				F8213E7922F434E400FCD30D /* AppDelegate.swift */,
				F8213E7B22F434E400FCD30D /* SceneDelegate.swift */,
				F8213E7D22F434E400FCD30D /* ContentView.swift */,
				F8213E7F22F434E500FCD30D /* Assets.xcassets */,
				F8213E8422F434E500FCD30D /* LaunchScreen.storyboard */,
				F8213E8722F434E500FCD30D /* Info.plist */,
				F8213E8122F434E500FCD30D /* Preview Content */,
			);
			path = "opentok-swiftui-sample";
			sourceTree = "<group>";
		};
		F8213E8122F434E500FCD30D /* Preview Content */ = {
			isa = PBXGroup;
			children = (
				F8213E8222F434E500FCD30D /* Preview Assets.xcassets */,
			);
			path = "Preview Content";
			sourceTree = "<group>";
		};
/* End PBXGroup section */

/* Begin PBXNativeTarget section */
		F8213E7522F434E400FCD30D /* opentok-swiftui-sample */ = {
			isa = PBXNativeTarget;
			buildConfigurationList = F8213E8A22F434E500FCD30D /* Build configuration list for PBXNativeTarget "opentok-swiftui-sample" */;
			buildPhases = (
				F8213E7222F434E400FCD30D /* Sources */,
				F8213E7322F434E400FCD30D /* Frameworks */,
				F8213E7422F434E400FCD30D /* Resources */,
			);
			buildRules = (
			);
			dependencies = (
			);
			name = "opentok-swiftui-sample";
			productName = "opentok-swiftui-sample";
			productReference = F8213E7622F434E400FCD30D /* opentok-swiftui-sample.app */;
			productType = "com.apple.product-type.application";
		};
/* End PBXNativeTarget section */

/* Begin PBXProject section */
		F8213E6E22F434E400FCD30D /* Project object */ = {
			isa = PBXProject;
			attributes = {
				LastSwiftUpdateCheck = 1100;
				LastUpgradeCheck = 1100;
				ORGANIZATIONNAME = tokbox;
				TargetAttributes = {
					F8213E7522F434E400FCD30D = {
						CreatedOnToolsVersion = 11.0;
					};
				};
			};
			buildConfigurationList = F8213E7122F434E400FCD30D /* Build configuration list for PBXProject "opentok-swiftui-sample" */;
			compatibilityVersion = "Xcode 9.3";
			developmentRegion = en;
			hasScannedForEncodings = 0;
			knownRegions = (
				en,
				Base,
			);
			mainGroup = F8213E6D22F434E400FCD30D;
			productRefGroup = F8213E7722F434E400FCD30D /* Products */;
			projectDirPath = "";
			projectRoot = "";
			targets = (
				F8213E7522F434E400FCD30D /* opentok-swiftui-sample */,
			);
		};
/* End PBXProject section */

/* Begin PBXResourcesBuildPhase section */
		F8213E7422F434E400FCD30D /* Resources */ = {
			isa = PBXResourcesBuildPhase;
			buildActionMask = 2147483647;
			files = (
				F8213E8622F434E500FCD30D /* LaunchScreen.storyboard in Resources */,
				F8213E8322F434E500FCD30D /* Preview Assets.xcassets in Resources */,
				F8213E8022F434E500FCD30D /* Assets.xcassets in Resources */,
			);
			runOnlyForDeploymentPostprocessing = 0;
		};
/* End PBXResourcesBuildPhase section */

/* Begin PBXSourcesBuildPhase section */
		F8213E7222F434E400FCD30D /* Sources */ = {
			isa = PBXSourcesBuildPhase;
			buildActionMask = 2147483647;
			files = (
				F8213E7A22F434E400FCD30D /* AppDelegate.swift in Sources */,
				F8213E7C22F434E400FCD30D /* SceneDelegate.swift in Sources */,
				F8213E7E22F434E400FCD30D /* ContentView.swift in Sources */,
			);
			runOnlyForDeploymentPostprocessing = 0;
		};
/* End PBXSourcesBuildPhase section */

/* Begin PBXVariantGroup section */
		F8213E8422F434E500FCD30D /* LaunchScreen.storyboard */ = {
			isa = PBXVariantGroup;
			children = (
				F8213E8522F434E500FCD30D /* Base */,
			);
			name = LaunchScreen.storyboard;
			sourceTree = "<group>";
		};
/* End PBXVariantGroup section */

/* Begin XCBuildConfiguration section */
		F8213E8822F434E500FCD30D /* Debug */ = {
			isa = XCBuildConfiguration;
			buildSettings = {
				ALWAYS_SEARCH_USER_PATHS = NO;
				CLANG_ANALYZER_NONNULL = YES;
				CLANG_ANALYZER_NUMBER_OBJECT_CONVERSION = YES_AGGRESSIVE;
				CLANG_CXX_LANGUAGE_STANDARD = "gnu++14";
				CLANG_CXX_LIBRARY = "libc++";
				CLANG_ENABLE_MODULES = YES;
				CLANG_ENABLE_OBJC_ARC = YES;
				CLANG_ENABLE_OBJC_WEAK = YES;
				CLANG_WARN_BLOCK_CAPTURE_AUTORELEASING = YES;
				CLANG_WARN_BOOL_CONVERSION = YES;
				CLANG_WARN_COMMA = YES;
				CLANG_WARN_CONSTANT_CONVERSION = YES;
				CLANG_WARN_DEPRECATED_OBJC_IMPLEMENTATIONS = YES;
				CLANG_WARN_DIRECT_OBJC_ISA_USAGE = YES_ERROR;
				CLANG_WARN_DOCUMENTATION_COMMENTS = YES;
				CLANG_WARN_EMPTY_BODY = YES;
				CLANG_WARN_ENUM_CONVERSION = YES;
				CLANG_WARN_INFINITE_RECURSION = YES;
				CLANG_WARN_INT_CONVERSION = YES;
				CLANG_WARN_NON_LITERAL_NULL_CONVERSION = YES;
				CLANG_WARN_OBJC_IMPLICIT_RETAIN_SELF = YES;
				CLANG_WARN_OBJC_LITERAL_CONVERSION = YES;
				CLANG_WARN_OBJC_ROOT_CLASS = YES_ERROR;
				CLANG_WARN_RANGE_LOOP_ANALYSIS = YES;
				CLANG_WARN_STRICT_PROTOTYPES = YES;
				CLANG_WARN_SUSPICIOUS_MOVE = YES;
				CLANG_WARN_UNGUARDED_AVAILABILITY = YES_AGGRESSIVE;
				CLANG_WARN_UNREACHABLE_CODE = YES;
				CLANG_WARN__DUPLICATE_METHOD_MATCH = YES;
				COPY_PHASE_STRIP = NO;
				DEBUG_INFORMATION_FORMAT = dwarf;
				ENABLE_STRICT_OBJC_MSGSEND = YES;
				ENABLE_TESTABILITY = YES;
				GCC_C_LANGUAGE_STANDARD = gnu11;
				GCC_DYNAMIC_NO_PIC = NO;
				GCC_NO_COMMON_BLOCKS = YES;
				GCC_OPTIMIZATION_LEVEL = 0;
				GCC_PREPROCESSOR_DEFINITIONS = (
					"DEBUG=1",
					"$(inherited)",
				);
				GCC_WARN_64_TO_32_BIT_CONVERSION = YES;
				GCC_WARN_ABOUT_RETURN_TYPE = YES_ERROR;
				GCC_WARN_UNDECLARED_SELECTOR = YES;
				GCC_WARN_UNINITIALIZED_AUTOS = YES_AGGRESSIVE;
				GCC_WARN_UNUSED_FUNCTION = YES;
				GCC_WARN_UNUSED_VARIABLE = YES;
				IPHONEOS_DEPLOYMENT_TARGET = 13.0;
				MTL_ENABLE_DEBUG_INFO = INCLUDE_SOURCE;
				MTL_FAST_MATH = YES;
				ONLY_ACTIVE_ARCH = YES;
				SDKROOT = iphoneos;
				SWIFT_ACTIVE_COMPILATION_CONDITIONS = DEBUG;
				SWIFT_OPTIMIZATION_LEVEL = "-Onone";
			};
			name = Debug;
		};
		F8213E8922F434E500FCD30D /* Release */ = {
			isa = XCBuildConfiguration;
			buildSettings = {
				ALWAYS_SEARCH_USER_PATHS = NO;
				CLANG_ANALYZER_NONNULL = YES;
				CLANG_ANALYZER_NUMBER_OBJECT_CONVERSION = YES_AGGRESSIVE;
				CLANG_CXX_LANGUAGE_STANDARD = "gnu++14";
				CLANG_CXX_LIBRARY = "libc++";
				CLANG_ENABLE_MODULES = YES;
				CLANG_ENABLE_OBJC_ARC = YES;
				CLANG_ENABLE_OBJC_WEAK = YES;
				CLANG_WARN_BLOCK_CAPTURE_AUTORELEASING = YES;
				CLANG_WARN_BOOL_CONVERSION = YES;
				CLANG_WARN_COMMA = YES;
				CLANG_WARN_CONSTANT_CONVERSION = YES;
				CLANG_WARN_DEPRECATED_OBJC_IMPLEMENTATIONS = YES;
				CLANG_WARN_DIRECT_OBJC_ISA_USAGE = YES_ERROR;
				CLANG_WARN_DOCUMENTATION_COMMENTS = YES;
				CLANG_WARN_EMPTY_BODY = YES;
				CLANG_WARN_ENUM_CONVERSION = YES;
				CLANG_WARN_INFINITE_RECURSION = YES;
				CLANG_WARN_INT_CONVERSION = YES;
				CLANG_WARN_NON_LITERAL_NULL_CONVERSION = YES;
				CLANG_WARN_OBJC_IMPLICIT_RETAIN_SELF = YES;
				CLANG_WARN_OBJC_LITERAL_CONVERSION = YES;
				CLANG_WARN_OBJC_ROOT_CLASS = YES_ERROR;
				CLANG_WARN_RANGE_LOOP_ANALYSIS = YES;
				CLANG_WARN_STRICT_PROTOTYPES = YES;
				CLANG_WARN_SUSPICIOUS_MOVE = YES;
				CLANG_WARN_UNGUARDED_AVAILABILITY = YES_AGGRESSIVE;
				CLANG_WARN_UNREACHABLE_CODE = YES;
				CLANG_WARN__DUPLICATE_METHOD_MATCH = YES;
				COPY_PHASE_STRIP = NO;
				DEBUG_INFORMATION_FORMAT = "dwarf-with-dsym";
				ENABLE_NS_ASSERTIONS = NO;
				ENABLE_STRICT_OBJC_MSGSEND = YES;
				GCC_C_LANGUAGE_STANDARD = gnu11;
				GCC_NO_COMMON_BLOCKS = YES;
				GCC_WARN_64_TO_32_BIT_CONVERSION = YES;
				GCC_WARN_ABOUT_RETURN_TYPE = YES_ERROR;
				GCC_WARN_UNDECLARED_SELECTOR = YES;
				GCC_WARN_UNINITIALIZED_AUTOS = YES_AGGRESSIVE;
				GCC_WARN_UNUSED_FUNCTION = YES;
				GCC_WARN_UNUSED_VARIABLE = YES;
				IPHONEOS_DEPLOYMENT_TARGET = 13.0;
				MTL_ENABLE_DEBUG_INFO = NO;
				MTL_FAST_MATH = YES;
				SDKROOT = iphoneos;
				SWIFT_COMPILATION_MODE = wholemodule;
				SWIFT_OPTIMIZATION_LEVEL = "-O";
				VALIDATE_PRODUCT = YES;
			};
			name = Release;
		};
		F8213E8B22F434E500FCD30D /* Debug */ = {
			isa = XCBuildConfiguration;
			buildSettings = {
				ASSETCATALOG_COMPILER_APPICON_NAME = AppIcon;
				CODE_SIGN_IDENTITY = "iPhone Developer";
				CODE_SIGN_STYLE = Manual;
				DEVELOPMENT_ASSET_PATHS = "opentok-swiftui-sample/Preview\\ Content";
				ENABLE_PREVIEWS = YES;
				INFOPLIST_FILE = "opentok-swiftui-sample/Info.plist";
				IPHONEOS_DEPLOYMENT_TARGET = 13.0;
				LD_RUNPATH_SEARCH_PATHS = (
					"$(inherited)",
					"@executable_path/Frameworks",
				);
				PRODUCT_BUNDLE_IDENTIFIER = "com.tokbox.opentok-swiftui-sample";
				PRODUCT_NAME = "$(TARGET_NAME)";
				PROVISIONING_PROFILE_SPECIFIER = "";
				SWIFT_VERSION = 5.0;
				TARGETED_DEVICE_FAMILY = 1;
			};
			name = Debug;
		};
		F8213E8C22F434E500FCD30D /* Release */ = {
			isa = XCBuildConfiguration;
			buildSettings = {
				ASSETCATALOG_COMPILER_APPICON_NAME = AppIcon;
				CODE_SIGN_IDENTITY = "iPhone Developer";
				CODE_SIGN_STYLE = Manual;
				DEVELOPMENT_ASSET_PATHS = "opentok-swiftui-sample/Preview\\ Content";
				ENABLE_PREVIEWS = YES;
				INFOPLIST_FILE = "opentok-swiftui-sample/Info.plist";
				IPHONEOS_DEPLOYMENT_TARGET = 13.0;
				LD_RUNPATH_SEARCH_PATHS = (
					"$(inherited)",
					"@executable_path/Frameworks",
				);
				PRODUCT_BUNDLE_IDENTIFIER = "com.tokbox.opentok-swiftui-sample";
				PRODUCT_NAME = "$(TARGET_NAME)";
				PROVISIONING_PROFILE_SPECIFIER = "";
				SWIFT_VERSION = 5.0;
				TARGETED_DEVICE_FAMILY = 1;
			};
			name = Release;
		};
/* End XCBuildConfiguration section */

/* Begin XCConfigurationList section */
		F8213E7122F434E400FCD30D /* Build configuration list for PBXProject "opentok-swiftui-sample" */ = {
			isa = XCConfigurationList;
			buildConfigurations = (
				F8213E8822F434E500FCD30D /* Debug */,
				F8213E8922F434E500FCD30D /* Release */,
			);
			defaultConfigurationIsVisible = 0;
			defaultConfigurationName = Release;
		};
		F8213E8A22F434E500FCD30D /* Build configuration list for PBXNativeTarget "opentok-swiftui-sample" */ = {
			isa = XCConfigurationList;
			buildConfigurations = (
				F8213E8B22F434E500FCD30D /* Debug */,
				F8213E8C22F434E500FCD30D /* Release */,
			);
			defaultConfigurationIsVisible = 0;
			defaultConfigurationName = Release;
		};
/* End XCConfigurationList section */
	};
	rootObject = F8213E6E22F434E400FCD30D /* Project object */;
}
